Microsoft Visual Studio Solution File, Format Version 12.00
# Visual Studio Version 17
VisualStudioVersion = 17.5.2.0
MinimumVisualStudioVersion = 10.0.40219.1
Project("{FAE04EC0-301F-11D3-BF4B-00C04F79EFBC}") = "Innovision-Dashboard.API", "Innovision-Dashboard.API\Innovision-Dashboard.API.csproj", "{0515399A-FA84-CD74-AD5C-B0403EE43E5C}"
EndProject
Project("{FAE04EC0-301F-11D3-BF4B-00C04F79EFBC}") = "Innovision-Dashboard.Application", "Innovision-Dashboard.Application\Innovision-Dashboard.Application.csproj", "{90918CF2-0793-1EC0-449A-B9D2B6744F7F}"
EndProject
Project("{FAE04EC0-301F-11D3-BF4B-00C04F79EFBC}") = "Innovision-Dashboard.Common", "Innovision-Dashboard.Common\Innovision-Dashboard.Common.csproj", "{72FD34FA-C29B-34B0-997D-C74BEF1F6144}"
EndProject
Project("{FAE04EC0-301F-11D3-BF4B-00C04F79EFBC}") = "Innovision-Dashboard.Domain", "Innovision-Dashboard.Domain\Innovision-Dashboard.Domain.csproj", "{2B6325E1-0D2D-9F7D-ADBD-610A3C22B49D}"
EndProject
Project("{FAE04EC0-301F-11D3-BF4B-00C04F79EFBC}") = "Innovision-Dashboard.Infrastructure", "Innovision-Dashboard.Infrastructure\Innovision-Dashboard.Infrastructure.csproj", "{FDC841FF-DB7C-15AC-F131-C955E6475B5E}"
EndProject
Global
	GlobalSection(SolutionConfigurationPlatforms) = preSolution
		Debug|Any CPU = Debug|Any CPU
		Release|Any CPU = Release|Any CPU
	EndGlobalSection
	GlobalSection(ProjectConfigurationPlatforms) = postSolution
		{0515399A-FA84-CD74-AD5C-B0403EE43E5C}.Debug|Any CPU.ActiveCfg = Debug|Any CPU
		{0515399A-FA84-CD74-AD5C-B0403EE43E5C}.Debug|Any CPU.Build.0 = Debug|Any CPU
		{0515399A-FA84-CD74-AD5C-B0403EE43E5C}.Release|Any CPU.ActiveCfg = Release|Any CPU
		{0515399A-FA84-CD74-AD5C-B0403EE43E5C}.Release|Any CPU.Build.0 = Release|Any CPU
		{90918CF2-0793-1EC0-449A-B9D2B6744F7F}.Debug|Any CPU.ActiveCfg = Debug|Any CPU
		{90918CF2-0793-1EC0-449A-B9D2B6744F7F}.Debug|Any CPU.Build.0 = Debug|Any CPU
		{90918CF2-0793-1EC0-449A-B9D2B6744F7F}.Release|Any CPU.ActiveCfg = Release|Any CPU
		{90918CF2-0793-1EC0-449A-B9D2B6744F7F}.Release|Any CPU.Build.0 = Release|Any CPU
		{72FD34FA-C29B-34B0-997D-C74BEF1F6144}.Debug|Any CPU.ActiveCfg = Debug|Any CPU
		{72FD34FA-C29B-34B0-997D-C74BEF1F6144}.Debug|Any CPU.Build.0 = Debug|Any CPU
		{72FD34FA-C29B-34B0-997D-C74BEF1F6144}.Release|Any CPU.ActiveCfg = Release|Any CPU
		{72FD34FA-C29B-34B0-997D-C74BEF1F6144}.Release|Any CPU.Build.0 = Release|Any CPU
		{2B6325E1-0D2D-9F7D-ADBD-610A3C22B49D}.Debug|Any CPU.ActiveCfg = Debug|Any CPU
		{2B6325E1-0D2D-9F7D-ADBD-610A3C22B49D}.Debug|Any CPU.Build.0 = Debug|Any CPU
		{2B6325E1-0D2D-9F7D-ADBD-610A3C22B49D}.Release|Any CPU.ActiveCfg = Release|Any CPU
		{2B6325E1-0D2D-9F7D-ADBD-610A3C22B49D}.Release|Any CPU.Build.0 = Release|Any CPU
		{FDC841FF-DB7C-15AC-F131-C955E6475B5E}.Debug|Any CPU.ActiveCfg = Debug|Any CPU
		{FDC841FF-DB7C-15AC-F131-C955E6475B5E}.Debug|Any CPU.Build.0 = Debug|Any CPU
		{FDC841FF-DB7C-15AC-F131-C955E6475B5E}.Release|Any CPU.ActiveCfg = Release|Any CPU
		{FDC841FF-DB7C-15AC-F131-C955E6475B5E}.Release|Any CPU.Build.0 = Release|Any CPU
	EndGlobalSection
	GlobalSection(SolutionProperties) = preSolution
		HideSolutionNode = FALSE
	EndGlobalSection
	GlobalSection(ExtensibilityGlobals) = postSolution
		SolutionGuid = {FC5FDD60-3463-415A-98EE-3B268E08945B}
	EndGlobalSection
EndGlobal
